
Microsoft Visual Studio Solution File, Format Version 12.00
# Visual Studio 15
VisualStudioVersion = 15.0.28010.2036
MinimumVisualStudioVersion = 10.0.40219.1
Project("{FAE04EC0-301F-11D3-BF4B-00C04F79EFBC}") = "Tuntiseuranta", "Tuntiseuranta\Tuntiseuranta.csproj", "{7FA21C3B-9DCA-4983-A09B-407CDA823B0E}"
EndProject
Global
	GlobalSection(SolutionConfigurationPlatforms) = preSolution
		Debug|Any CPU = Debug|Any CPU
		Release|Any CPU = Release|Any CPU
	EndGlobalSection
	GlobalSection(ProjectConfigurationPlatforms) = postSolution
		{7FA21C3B-9DCA-4983-A09B-407CDA823B0E}.Debug|Any CPU.ActiveCfg = Debug|Any CPU
		{7FA21C3B-9DCA-4983-A09B-407CDA823B0E}.Debug|Any CPU.Build.0 = Debug|Any CPU
		{7FA21C3B-9DCA-4983-A09B-407CDA823B0E}.Release|Any CPU.ActiveCfg = Release|Any CPU
		{7FA21C3B-9DCA-4983-A09B-407CDA823B0E}.Release|Any CPU.Build.0 = Release|Any CPU
	EndGlobalSection
	GlobalSection(SolutionProperties) = preSolution
		HideSolutionNode = FALSE
	EndGlobalSection
	GlobalSection(ExtensibilityGlobals) = postSolution
		SolutionGuid = {BA67F6C9-311D-421B-9FF7-BFB48F9BF49B}
	EndGlobalSection
EndGlobal
